// !$*UTF8*$!
{
	archiveVersion = 1;
	classes = {
	};
	objectVersion = 50;
	objects = {

/* Begin PBXBuildFile section */
		2D678B262261A08B00A30133 /* AppDelegate.swift in Sources */ = {isa = PBXBuildFile; fileRef = 2D678B252261A08B00A30133 /* AppDelegate.swift */; };
		2D678B282261A08B00A30133 /* ViewController.swift in Sources */ = {isa = PBXBuildFile; fileRef = 2D678B272261A08B00A30133 /* ViewController.swift */; };
		2D678B2B2261A08C00A30133 /* Main.storyboard in Resources */ = {isa = PBXBuildFile; fileRef = 2D678B292261A08C00A30133 /* Main.storyboard */; };
		2D678B2D2261A08D00A30133 /* Assets.xcassets in Resources */ = {isa = PBXBuildFile; fileRef = 2D678B2C2261A08D00A30133 /* Assets.xcassets */; };
		2D678B302261A08D00A30133 /* LaunchScreen.storyboard in Resources */ = {isa = PBXBuildFile; fileRef = 2D678B2E2261A08D00A30133 /* LaunchScreen.storyboard */; };
		2D678B3B2261A08D00A30133 /* tipcalculatorTests.swift in Sources */ = {isa = PBXBuildFile; fileRef = 2D678B3A2261A08D00A30133 /* tipcalculatorTests.swift */; };
/* End PBXBuildFile section */

/* Begin PBXContainerItemProxy section */
		2D678B372261A08D00A30133 /* PBXContainerItemProxy */ = {
			isa = PBXContainerItemProxy;
			containerPortal = 2D678B1A2261A08B00A30133 /* Project object */;
			proxyType = 1;
			remoteGlobalIDString = 2D678B212261A08B00A30133;
			remoteInfo = tipcalculator;
		};
/* End PBXContainerItemProxy section */

/* Begin PBXFileReference section */
		2D678B222261A08B00A30133 /* tipcalculator.app */ = {isa = PBXFileReference; explicitFileType = wrapper.application; includeInIndex = 0; path = tipcalculator.app; sourceTree = BUILT_PRODUCTS_DIR; };
		2D678B252261A08B00A30133 /* AppDelegate.swift */ = {isa = PBXFileReference; lastKnownFileType = sourcecode.swift; path = AppDelegate.swift; sourceTree = "<group>"; };
		2D678B272261A08B00A30133 /* ViewController.swift */ = {isa = PBXFileReference; lastKnownFileType = sourcecode.swift; path = ViewController.swift; sourceTree = "<group>"; };
		2D678B2A2261A08C00A30133 /* Base */ = {isa = PBXFileReference; lastKnownFileType = file.storyboard; name = Base; path = Base.lproj/Main.storyboard; sourceTree = "<group>"; };
		2D678B2C2261A08D00A30133 /* Assets.xcassets */ = {isa = PBXFileReference; lastKnownFileType = folder.assetcatalog; path = Assets.xcassets; sourceTree = "<group>"; };
		2D678B2F2261A08D00A30133 /* Base */ = {isa = PBXFileReference; lastKnownFileType = file.storyboard; name = Base; path = Base.lproj/LaunchScreen.storyboard; sourceTree = "<group>"; };
		2D678B312261A08D00A30133 /* Info.plist */ = {isa = PBXFileReference; lastKnownFileType = text.plist.xml; path = Info.plist; sourceTree = "<group>"; };
		2D678B362261A08D00A30133 /* tipcalculatorTests.xctest */ = {isa = PBXFileReference; explicitFileType = wrapper.cfbundle; includeInIndex = 0; path = tipcalculatorTests.xctest; sourceTree = BUILT_PRODUCTS_DIR; };
		2D678B3A2261A08D00A30133 /* tipcalculatorTests.swift */ = {isa = PBXFileReference; lastKnownFileType = sourcecode.swift; path = tipcalculatorTests.swift; sourceTree = "<group>"; };
		2D678B3C2261A08D00A30133 /* Info.plist */ = {isa = PBXFileReference; lastKnownFileType = text.plist.xml; path = Info.plist; sourceTree = "<group>"; };
/* End PBXFileReference section */

/* Begin PBXFrameworksBuildPhase section */
		2D678B1F2261A08B00A30133 /* Frameworks */ = {
			isa = PBXFrameworksBuildPhase;
			buildActionMask = 2147483647;
			files = (
			);
			runOnlyForDeploymentPostprocessing = 0;
		};
		2D678B332261A08D00A30133 /* Frameworks */ = {
			isa = PBXFrameworksBuildPhase;
			buildActionMask = 2147483647;
			files = (
			);
			runOnlyForDeploymentPostprocessing = 0;
		};
/* End PBXFrameworksBuildPhase section */

/* Begin PBXGroup section */
		2D678B192261A08B00A30133 = {
			isa = PBXGroup;
			children = (
				2D678B242261A08B00A30133 /* tipcalculator */,
				2D678B392261A08D00A30133 /* tipcalculatorTests */,
				2D678B232261A08B00A30133 /* Products */,
			);
			sourceTree = "<group>";
		};
		2D678B232261A08B00A30133 /* Products */ = {
			isa = PBXGroup;
			children = (
				2D678B222261A08B00A30133 /* tipcalculator.app */,
				2D678B362261A08D00A30133 /* tipcalculatorTests.xctest */,
			);
			name = Products;
			sourceTree = "<group>";
		};
		2D678B242261A08B00A30133 /* tipcalculator */ = {
			isa = PBXGroup;
			children = (
				2D678B252261A08B00A30133 /* AppDelegate.swift */,
				2D678B272261A08B00A30133 /* ViewController.swift */,
				2D678B292261A08C00A30133 /* Main.storyboard */,
				2D678B2C2261A08D00A30133 /* Assets.xcassets */,
				2D678B2E2261A08D00A30133 /* LaunchScreen.storyboard */,
				2D678B312261A08D00A30133 /* Info.plist */,
			);
			path = tipcalculator;
			sourceTree = "<group>";
		};
		2D678B392261A08D00A30133 /* tipcalculatorTests */ = {
			isa = PBXGroup;
			children = (
				2D678B3A2261A08D00A30133 /* tipcalculatorTests.swift */,
				2D678B3C2261A08D00A30133 /* Info.plist */,
			);
			path = tipcalculatorTests;
			sourceTree = "<group>";
		};
/* End PBXGroup section */

/* Begin PBXNativeTarget section */
		2D678B212261A08B00A30133 /* tipcalculator */ = {
			isa = PBXNativeTarget;
			buildConfigurationList = 2D678B3F2261A08D00A30133 /* Build configuration list for PBXNativeTarget "tipcalculator" */;
			buildPhases = (
				2D678B1E2261A08B00A30133 /* Sources */,
				2D678B1F2261A08B00A30133 /* Frameworks */,
				2D678B202261A08B00A30133 /* Resources */,
			);
			buildRules = (
			);
			dependencies = (
			);
			name = tipcalculator;
			productName = tipcalculator;
			productReference = 2D678B222261A08B00A30133 /* tipcalculator.app */;
			productType = "com.apple.product-type.application";
		};
		2D678B352261A08D00A30133 /* tipcalculatorTests */ = {
			isa = PBXNativeTarget;
			buildConfigurationList = 2D678B422261A08D00A30133 /* Build configuration list for PBXNativeTarget "tipcalculatorTests" */;
			buildPhases = (
				2D678B322261A08D00A30133 /* Sources */,
				2D678B332261A08D00A30133 /* Frameworks */,
				2D678B342261A08D00A30133 /* Resources */,
			);
			buildRules = (
			);
			dependencies = (
				2D678B382261A08D00A30133 /* PBXTargetDependency */,
			);
			name = tipcalculatorTests;
			productName = tipcalculatorTests;
			productReference = 2D678B362261A08D00A30133 /* tipcalculatorTests.xctest */;
			productType = "com.apple.product-type.bundle.unit-test";
		};
/* End PBXNativeTarget section */

/* Begin PBXProject section */
		2D678B1A2261A08B00A30133 /* Project object */ = {
			isa = PBXProject;
			attributes = {
				LastSwiftUpdateCheck = 1020;
				LastUpgradeCheck = 1020;
				ORGANIZATIONNAME = "Ashton Knudsen";
				TargetAttributes = {
					2D678B212261A08B00A30133 = {
						CreatedOnToolsVersion = 10.2;
					};
					2D678B352261A08D00A30133 = {
						CreatedOnToolsVersion = 10.2;
						TestTargetID = 2D678B212261A08B00A30133;
					};
				};
			};
			buildConfigurationList = 2D678B1D2261A08B00A30133 /* Build configuration list for PBXProject "tipcalculator" */;
			compatibilityVersion = "Xcode 9.3";
			developmentRegion = en;
			hasScannedForEncodings = 0;
			knownRegions = (
				en,
				Base,
			);
			mainGroup = 2D678B192261A08B00A30133;
			productRefGroup = 2D678B232261A08B00A30133 /* Products */;
			projectDirPath = "";
			projectRoot = "";
			targets = (
				2D678B212261A08B00A30133 /* tipcalculator */,
				2D678B352261A08D00A30133 /* tipcalculatorTests */,
			);
		};
/* End PBXProject section */

/* Begin PBXResourcesBuildPhase section */
		2D678B202261A08B00A30133 /* Resources */ = {
			isa = PBXResourcesBuildPhase;
			buildActionMask = 2147483647;
			files = (
				2D678B302261A08D00A30133 /* LaunchScreen.storyboard in Resources */,
				2D678B2D2261A08D00A30133 /* Assets.xcassets in Resources */,
				2D678B2B2261A08C00A30133 /* Main.storyboard in Resources */,
			);
			runOnlyForDeploymentPostprocessing = 0;
		};
		2D678B342261A08D00A30133 /* Resources */ = {
			isa = PBXResourcesBuildPhase;
			buildActionMask = 2147483647;
			files = (
			);
			runOnlyForDeploymentPostprocessing = 0;
		};
/* End PBXResourcesBuildPhase section */

/* Begin PBXSourcesBuildPhase section */
		2D678B1E2261A08B00A30133 /* Sources */ = {
			isa = PBXSourcesBuildPhase;
			buildActionMask = 2147483647;
			files = (
				2D678B282261A08B00A30133 /* ViewController.swift in Sources */,
				2D678B262261A08B00A30133 /* AppDelegate.swift in Sources */,
			);
			runOnlyForDeploymentPostprocessing = 0;
		};
		2D678B322261A08D00A30133 /* Sources */ = {
			isa = PBXSourcesBuildPhase;
			buildActionMask = 2147483647;
			files = (
				2D678B3B2261A08D00A30133 /* tipcalculatorTests.swift in Sources */,
			);
			runOnlyForDeploymentPostprocessing = 0;
		};
/* End PBXSourcesBuildPhase section */

/* Begin PBXTargetDependency section */
		2D678B382261A08D00A30133 /* PBXTargetDependency */ = {
			isa = PBXTargetDependency;
			target = 2D678B212261A08B00A30133 /* tipcalculator */;
			targetProxy = 2D678B372261A08D00A30133 /* PBXContainerItemProxy */;
		};
/* End PBXTargetDependency section */

/* Begin PBXVariantGroup section */
		2D678B292261A08C00A30133 /* Main.storyboard */ = {
			isa = PBXVariantGroup;
			children = (
				2D678B2A2261A08C00A30133 /* Base */,
			);
			name = Main.storyboard;
			sourceTree = "<group>";
		};
		2D678B2E2261A08D00A30133 /* LaunchScreen.storyboard */ = {
			isa = PBXVariantGroup;
			children = (
				2D678B2F2261A08D00A30133 /* Base */,
			);
			name = LaunchScreen.storyboard;
			sourceTree = "<group>";
		};
/* End PBXVariantGroup section */

/* Begin XCBuildConfiguration section */
		2D678B3D2261A08D00A30133 /* Debug */ = {
			isa = XCBuildConfiguration;
			buildSettings = {
				ALWAYS_SEARCH_USER_PATHS = NO;
				CLANG_ANALYZER_NONNULL = YES;
				CLANG_ANALYZER_NUMBER_OBJECT_CONVERSION = YES_AGGRESSIVE;
				CLANG_CXX_LANGUAGE_STANDARD = "gnu++14";
				CLANG_CXX_LIBRARY = "libc++";
				CLANG_ENABLE_MODULES = YES;
				CLANG_ENABLE_OBJC_ARC = YES;
				CLANG_ENABLE_OBJC_WEAK = YES;
				CLANG_WARN_BLOCK_CAPTURE_AUTORELEASING = YES;
				CLANG_WARN_BOOL_CONVERSION = YES;
				CLANG_WARN_COMMA = YES;
				CLANG_WARN_CONSTANT_CONVERSION = YES;
				CLANG_WARN_DEPRECATED_OBJC_IMPLEMENTATIONS = YES;
				CLANG_WARN_DIRECT_OBJC_ISA_USAGE = YES_ERROR;
				CLANG_WARN_DOCUMENTATION_COMMENTS = YES;
				CLANG_WARN_EMPTY_BODY = YES;
				CLANG_WARN_ENUM_CONVERSION = YES;
				CLANG_WARN_INFINITE_RECURSION = YES;
				CLANG_WARN_INT_CONVERSION = YES;
				CLANG_WARN_NON_LITERAL_NULL_CONVERSION = YES;
				CLANG_WARN_OBJC_IMPLICIT_RETAIN_SELF = YES;
				CLANG_WARN_OBJC_LITERAL_CONVERSION = YES;
				CLANG_WARN_OBJC_ROOT_CLASS = YES_ERROR;
				CLANG_WARN_RANGE_LOOP_ANALYSIS = YES;
				CLANG_WARN_STRICT_PROTOTYPES = YES;
				CLANG_WARN_SUSPICIOUS_MOVE = YES;
				CLANG_WARN_UNGUARDED_AVAILABILITY = YES_AGGRESSIVE;
				CLANG_WARN_UNREACHABLE_CODE = YES;
				CLANG_WARN__DUPLICATE_METHOD_MATCH = YES;
				CODE_SIGN_IDENTITY = "iPhone Developer";
				COPY_PHASE_STRIP = NO;
				DEBUG_INFORMATION_FORMAT = dwarf;
				ENABLE_STRICT_OBJC_MSGSEND = YES;
				ENABLE_TESTABILITY = YES;
				GCC_C_LANGUAGE_STANDARD = gnu11;
				GCC_DYNAMIC_NO_PIC = NO;
				GCC_NO_COMMON_BLOCKS = YES;
				GCC_OPTIMIZATION_LEVEL = 0;
				GCC_PREPROCESSOR_DEFINITIONS = (
					"DEBUG=1",
					"$(inherited)",
				);
				GCC_WARN_64_TO_32_BIT_CONVERSION = YES;
				GCC_WARN_ABOUT_RETURN_TYPE = YES_ERROR;
				GCC_WARN_UNDECLARED_SELECTOR = YES;
				GCC_WARN_UNINITIALIZED_AUTOS = YES_AGGRESSIVE;
				GCC_WARN_UNUSED_FUNCTION = YES;
				GCC_WARN_UNUSED_VARIABLE = YES;
				IPHONEOS_DEPLOYMENT_TARGET = 12.2;
				MTL_ENABLE_DEBUG_INFO = INCLUDE_SOURCE;
				MTL_FAST_MATH = YES;
				ONLY_ACTIVE_ARCH = YES;
				SDKROOT = iphoneos;
				SWIFT_ACTIVE_COMPILATION_CONDITIONS = DEBUG;
				SWIFT_OPTIMIZATION_LEVEL = "-Onone";
			};
			name = Debug;
		};
		2D678B3E2261A08D00A30133 /* Release */ = {
			isa = XCBuildConfiguration;
			buildSettings = {
				ALWAYS_SEARCH_USER_PATHS = NO;
				CLANG_ANALYZER_NONNULL = YES;
				CLANG_ANALYZER_NUMBER_OBJECT_CONVERSION = YES_AGGRESSIVE;
				CLANG_CXX_LANGUAGE_STANDARD = "gnu++14";
				CLANG_CXX_LIBRARY = "libc++";
				CLANG_ENABLE_MODULES = YES;
				CLANG_ENABLE_OBJC_ARC = YES;
				CLANG_ENABLE_OBJC_WEAK = YES;
				CLANG_WARN_BLOCK_CAPTURE_AUTORELEASING = YES;
				CLANG_WARN_BOOL_CONVERSION = YES;
				CLANG_WARN_COMMA = YES;
				CLANG_WARN_CONSTANT_CONVERSION = YES;
				CLANG_WARN_DEPRECATED_OBJC_IMPLEMENTATIONS = YES;
				CLANG_WARN_DIRECT_OBJC_ISA_USAGE = YES_ERROR;
				CLANG_WARN_DOCUMENTATION_COMMENTS = YES;
				CLANG_WARN_EMPTY_BODY = YES;
				CLANG_WARN_ENUM_CONVERSION = YES;
				CLANG_WARN_INFINITE_RECURSION = YES;
				CLANG_WARN_INT_CONVERSION = YES;
				CLANG_WARN_NON_LITERAL_NULL_CONVERSION = YES;
				CLANG_WARN_OBJC_IMPLICIT_RETAIN_SELF = YES;
				CLANG_WARN_OBJC_LITERAL_CONVERSION = YES;
				CLANG_WARN_OBJC_ROOT_CLASS = YES_ERROR;
				CLANG_WARN_RANGE_LOOP_ANALYSIS = YES;
				CLANG_WARN_STRICT_PROTOTYPES = YES;
				CLANG_WARN_SUSPICIOUS_MOVE = YES;
				CLANG_WARN_UNGUARDED_AVAILABILITY = YES_AGGRESSIVE;
				CLANG_WARN_UNREACHABLE_CODE = YES;
				CLANG_WARN__DUPLICATE_METHOD_MATCH = YES;
				CODE_SIGN_IDENTITY = "iPhone Developer";
				COPY_PHASE_STRIP = NO;
				DEBUG_INFORMATION_FORMAT = "dwarf-with-dsym";
				ENABLE_NS_ASSERTIONS = NO;
				ENABLE_STRICT_OBJC_MSGSEND = YES;
				GCC_C_LANGUAGE_STANDARD = gnu11;
				GCC_NO_COMMON_BLOCKS = YES;
				GCC_WARN_64_TO_32_BIT_CONVERSION = YES;
				GCC_WARN_ABOUT_RETURN_TYPE = YES_ERROR;
				GCC_WARN_UNDECLARED_SELECTOR = YES;
				GCC_WARN_UNINITIALIZED_AUTOS = YES_AGGRESSIVE;
				GCC_WARN_UNUSED_FUNCTION = YES;
				GCC_WARN_UNUSED_VARIABLE = YES;
				IPHONEOS_DEPLOYMENT_TARGET = 12.2;
				MTL_ENABLE_DEBUG_INFO = NO;
				MTL_FAST_MATH = YES;
				SDKROOT = iphoneos;
				SWIFT_COMPILATION_MODE = wholemodule;
				SWIFT_OPTIMIZATION_LEVEL = "-O";
				VALIDATE_PRODUCT = YES;
			};
			name = Release;
		};
		2D678B402261A08D00A30133 /* Debug */ = {
			isa = XCBuildConfiguration;
			buildSettings = {
				ASSETCATALOG_COMPILER_APPICON_NAME = AppIcon;
				CODE_SIGN_STYLE = Automatic;
				DEVELOPMENT_TEAM = N69W52PAW2;
				INFOPLIST_FILE = tipcalculator/Info.plist;
				LD_RUNPATH_SEARCH_PATHS = (
					"$(inherited)",
					"@executable_path/Frameworks",
				);
				PRODUCT_BUNDLE_IDENTIFIER = somethingsomethigtipcalculator.tipcalculator;
				PRODUCT_NAME = "$(TARGET_NAME)";
				SWIFT_VERSION = 5.0;
				TARGETED_DEVICE_FAMILY = "1,2";
			};
			name = Debug;
		};
		2D678B412261A08D00A30133 /* Release */ = {
			isa = XCBuildConfiguration;
			buildSettings = {
				ASSETCATALOG_COMPILER_APPICON_NAME = AppIcon;
				CODE_SIGN_STYLE = Automatic;
				DEVELOPMENT_TEAM = N69W52PAW2;
				INFOPLIST_FILE = tipcalculator/Info.plist;
				LD_RUNPATH_SEARCH_PATHS = (
					"$(inherited)",
					"@executable_path/Frameworks",
				);
				PRODUCT_BUNDLE_IDENTIFIER = somethingsomethigtipcalculator.tipcalculator;
				PRODUCT_NAME = "$(TARGET_NAME)";
				SWIFT_VERSION = 5.0;
				TARGETED_DEVICE_FAMILY = "1,2";
			};
			name = Release;
		};
		2D678B432261A08D00A30133 /* Debug */ = {
			isa = XCBuildConfiguration;
			buildSettings = {
				ALWAYS_EMBED_SWIFT_STANDARD_LIBRARIES = YES;
				BUNDLE_LOADER = "$(TEST_HOST)";
				CODE_SIGN_STYLE = Automatic;
				DEVELOPMENT_TEAM = N69W52PAW2;
				INFOPLIST_FILE = tipcalculatorTests/Info.plist;
				LD_RUNPATH_SEARCH_PATHS = (
					"$(inherited)",
					"@executable_path/Frameworks",
					"@loader_path/Frameworks",
				);
				PRODUCT_BUNDLE_IDENTIFIER = somethingsomethigtipcalculator.tipcalculatorTests;
				PRODUCT_NAME = "$(TARGET_NAME)";
				SWIFT_VERSION = 5.0;
				TARGETED_DEVICE_FAMILY = "1,2";
				TEST_HOST = "$(BUILT_PRODUCTS_DIR)/tipcalculator.app/tipcalculator";
			};
			name = Debug;
		};
		2D678B442261A08D00A30133 /* Release */ = {
			isa = XCBuildConfiguration;
			buildSettings = {
				ALWAYS_EMBED_SWIFT_STANDARD_LIBRARIES = YES;
				BUNDLE_LOADER = "$(TEST_HOST)";
				CODE_SIGN_STYLE = Automatic;
				DEVELOPMENT_TEAM = N69W52PAW2;
				INFOPLIST_FILE = tipcalculatorTests/Info.plist;
				LD_RUNPATH_SEARCH_PATHS = (
					"$(inherited)",
					"@executable_path/Frameworks",
					"@loader_path/Frameworks",
				);
				PRODUCT_BUNDLE_IDENTIFIER = somethingsomethigtipcalculator.tipcalculatorTests;
				PRODUCT_NAME = "$(TARGET_NAME)";
				SWIFT_VERSION = 5.0;
				TARGETED_DEVICE_FAMILY = "1,2";
				TEST_HOST = "$(BUILT_PRODUCTS_DIR)/tipcalculator.app/tipcalculator";
			};
			name = Release;
		};
/* End XCBuildConfiguration section */

/* Begin XCConfigurationList section */
		2D678B1D2261A08B00A30133 /* Build configuration list for PBXProject "tipcalculator" */ = {
			isa = XCConfigurationList;
			buildConfigurations = (
				2D678B3D2261A08D00A30133 /* Debug */,
				2D678B3E2261A08D00A30133 /* Release */,
			);
			defaultConfigurationIsVisible = 0;
			defaultConfigurationName = Release;
		};
		2D678B3F2261A08D00A30133 /* Build configuration list for PBXNativeTarget "tipcalculator" */ = {
			isa = XCConfigurationList;
			buildConfigurations = (
				2D678B402261A08D00A30133 /* Debug */,
				2D678B412261A08D00A30133 /* Release */,
			);
			defaultConfigurationIsVisible = 0;
			defaultConfigurationName = Release;
		};
		2D678B422261A08D00A30133 /* Build configuration list for PBXNativeTarget "tipcalculatorTests" */ = {
			isa = XCConfigurationList;
			buildConfigurations = (
				2D678B432261A08D00A30133 /* Debug */,
				2D678B442261A08D00A30133 /* Release */,
			);
			defaultConfigurationIsVisible = 0;
			defaultConfigurationName = Release;
		};
/* End XCConfigurationList section */
	};
	rootObject = 2D678B1A2261A08B00A30133 /* Project object */;
}
